
Microsoft Visual Studio Solution File, Format Version 12.00
# Visual Studio Version 16
VisualStudioVersion = 16.0.30413.136
MinimumVisualStudioVersion = 10.0.40219.1
Project("{2150E333-8FDC-42A3-9474-1A3956D46DE8}") = "src", "src", "{069AB049-5A26-4F1D-A9F8-320E72EA1FF7}"
EndProject
Project("{2150E333-8FDC-42A3-9474-1A3956D46DE8}") = "Catalog", "Catalog", "{9467FCDF-E0BF-41EA-981D-3E9544B260B1}"
EndProject
Project("{9A19103F-16F7-4668-BE54-9A1E7A4F7556}") = "Catalog.API", "src\Catalog\Catalog.API\Catalog.API.csproj", "{111B66DB-82F5-4335-AA00-1A261E1789A0}"
EndProject
Project("{E53339B2-1760-4266-BCC7-CA923CBCF16C}") = "docker-compose", "docker-compose.dcproj", "{0F984E5B-A2CF-4C0F-A3E3-23ADB3584088}"
EndProject
Project("{2150E333-8FDC-42A3-9474-1A3956D46DE8}") = "Basket", "Basket", "{7C8769E7-D995-4F06-AB06-EA2A1D6ABE19}"
EndProject
Project("{9A19103F-16F7-4668-BE54-9A1E7A4F7556}") = "Basket.API", "src\Basket\Basket.API\Basket.API.csproj", "{261BB420-3719-406D-A2E6-B550D017D01B}"
EndProject
Project("{2150E333-8FDC-42A3-9474-1A3956D46DE8}") = "Common", "Common", "{04A652F7-F7B8-4A71-BDB9-B41CB8D5035B}"
EndProject
Project("{9A19103F-16F7-4668-BE54-9A1E7A4F7556}") = "EventBusRabbitMQ", "src\Common\EventBusRabbitMQ\EventBusRabbitMQ.csproj", "{223B945A-537B-445E-BD86-F056B91524F7}"
EndProject
Project("{2150E333-8FDC-42A3-9474-1A3956D46DE8}") = "Ordering", "Ordering", "{28A21BFC-1B1C-4FC5-97BD-2CBCCD21AC32}"
EndProject
Project("{FAE04EC0-301F-11D3-BF4B-00C04F79EFBC}") = "Ordering.API", "src\Ordering\Ordering.API\Ordering.API.csproj", "{B550ED26-9882-4957-B3E0-400DE1D72272}"
EndProject
Project("{FAE04EC0-301F-11D3-BF4B-00C04F79EFBC}") = "Ordering.Core", "src\Ordering\Ordering.Core\Ordering.Core.csproj", "{F9E66B3B-B79C-4F9D-950F-2AA077E69606}"
EndProject
Project("{FAE04EC0-301F-11D3-BF4B-00C04F79EFBC}") = "Ordering.Infrastructure", "src\Ordering\Ordering.Infrastructure\Ordering.Infrastructure.csproj", "{D898E526-57E6-4AC1-B1B2-70DE999AE0D1}"
EndProject
Project("{FAE04EC0-301F-11D3-BF4B-00C04F79EFBC}") = "Ordering.Application", "src\Ordering\Ordering.Application\Ordering.Application.csproj", "{14A3C8C1-A3CF-4618-AC6A-8FB39585C6B4}"
EndProject
Global
	GlobalSection(SolutionConfigurationPlatforms) = preSolution
		Debug|Any CPU = Debug|Any CPU
		Release|Any CPU = Release|Any CPU
	EndGlobalSection
	GlobalSection(ProjectConfigurationPlatforms) = postSolution
		{111B66DB-82F5-4335-AA00-1A261E1789A0}.Debug|Any CPU.ActiveCfg = Debug|Any CPU
		{111B66DB-82F5-4335-AA00-1A261E1789A0}.Debug|Any CPU.Build.0 = Debug|Any CPU
		{111B66DB-82F5-4335-AA00-1A261E1789A0}.Release|Any CPU.ActiveCfg = Release|Any CPU
		{111B66DB-82F5-4335-AA00-1A261E1789A0}.Release|Any CPU.Build.0 = Release|Any CPU
		{0F984E5B-A2CF-4C0F-A3E3-23ADB3584088}.Debug|Any CPU.ActiveCfg = Debug|Any CPU
		{0F984E5B-A2CF-4C0F-A3E3-23ADB3584088}.Debug|Any CPU.Build.0 = Debug|Any CPU
		{0F984E5B-A2CF-4C0F-A3E3-23ADB3584088}.Release|Any CPU.ActiveCfg = Release|Any CPU
		{0F984E5B-A2CF-4C0F-A3E3-23ADB3584088}.Release|Any CPU.Build.0 = Release|Any CPU
		{261BB420-3719-406D-A2E6-B550D017D01B}.Debug|Any CPU.ActiveCfg = Debug|Any CPU
		{261BB420-3719-406D-A2E6-B550D017D01B}.Debug|Any CPU.Build.0 = Debug|Any CPU
		{261BB420-3719-406D-A2E6-B550D017D01B}.Release|Any CPU.ActiveCfg = Release|Any CPU
		{261BB420-3719-406D-A2E6-B550D017D01B}.Release|Any CPU.Build.0 = Release|Any CPU
		{223B945A-537B-445E-BD86-F056B91524F7}.Debug|Any CPU.ActiveCfg = Debug|Any CPU
		{223B945A-537B-445E-BD86-F056B91524F7}.Debug|Any CPU.Build.0 = Debug|Any CPU
		{223B945A-537B-445E-BD86-F056B91524F7}.Release|Any CPU.ActiveCfg = Release|Any CPU
		{223B945A-537B-445E-BD86-F056B91524F7}.Release|Any CPU.Build.0 = Release|Any CPU
		{B550ED26-9882-4957-B3E0-400DE1D72272}.Debug|Any CPU.ActiveCfg = Debug|Any CPU
		{B550ED26-9882-4957-B3E0-400DE1D72272}.Debug|Any CPU.Build.0 = Debug|Any CPU
		{B550ED26-9882-4957-B3E0-400DE1D72272}.Release|Any CPU.ActiveCfg = Release|Any CPU
		{B550ED26-9882-4957-B3E0-400DE1D72272}.Release|Any CPU.Build.0 = Release|Any CPU
		{F9E66B3B-B79C-4F9D-950F-2AA077E69606}.Debug|Any CPU.ActiveCfg = Debug|Any CPU
		{F9E66B3B-B79C-4F9D-950F-2AA077E69606}.Debug|Any CPU.Build.0 = Debug|Any CPU
		{F9E66B3B-B79C-4F9D-950F-2AA077E69606}.Release|Any CPU.ActiveCfg = Release|Any CPU
		{F9E66B3B-B79C-4F9D-950F-2AA077E69606}.Release|Any CPU.Build.0 = Release|Any CPU
		{D898E526-57E6-4AC1-B1B2-70DE999AE0D1}.Debug|Any CPU.ActiveCfg = Debug|Any CPU
		{D898E526-57E6-4AC1-B1B2-70DE999AE0D1}.Debug|Any CPU.Build.0 = Debug|Any CPU
		{D898E526-57E6-4AC1-B1B2-70DE999AE0D1}.Release|Any CPU.ActiveCfg = Release|Any CPU
		{D898E526-57E6-4AC1-B1B2-70DE999AE0D1}.Release|Any CPU.Build.0 = Release|Any CPU
		{14A3C8C1-A3CF-4618-AC6A-8FB39585C6B4}.Debug|Any CPU.ActiveCfg = Debug|Any CPU
		{14A3C8C1-A3CF-4618-AC6A-8FB39585C6B4}.Debug|Any CPU.Build.0 = Debug|Any CPU
		{14A3C8C1-A3CF-4618-AC6A-8FB39585C6B4}.Release|Any CPU.ActiveCfg = Release|Any CPU
		{14A3C8C1-A3CF-4618-AC6A-8FB39585C6B4}.Release|Any CPU.Build.0 = Release|Any CPU
	EndGlobalSection
	GlobalSection(SolutionProperties) = preSolution
		HideSolutionNode = FALSE
	EndGlobalSection
	GlobalSection(NestedProjects) = preSolution
		{9467FCDF-E0BF-41EA-981D-3E9544B260B1} = {069AB049-5A26-4F1D-A9F8-320E72EA1FF7}
		{111B66DB-82F5-4335-AA00-1A261E1789A0} = {9467FCDF-E0BF-41EA-981D-3E9544B260B1}
		{7C8769E7-D995-4F06-AB06-EA2A1D6ABE19} = {069AB049-5A26-4F1D-A9F8-320E72EA1FF7}
		{261BB420-3719-406D-A2E6-B550D017D01B} = {7C8769E7-D995-4F06-AB06-EA2A1D6ABE19}
		{04A652F7-F7B8-4A71-BDB9-B41CB8D5035B} = {069AB049-5A26-4F1D-A9F8-320E72EA1FF7}
		{223B945A-537B-445E-BD86-F056B91524F7} = {04A652F7-F7B8-4A71-BDB9-B41CB8D5035B}
		{28A21BFC-1B1C-4FC5-97BD-2CBCCD21AC32} = {069AB049-5A26-4F1D-A9F8-320E72EA1FF7}
		{B550ED26-9882-4957-B3E0-400DE1D72272} = {28A21BFC-1B1C-4FC5-97BD-2CBCCD21AC32}
		{F9E66B3B-B79C-4F9D-950F-2AA077E69606} = {28A21BFC-1B1C-4FC5-97BD-2CBCCD21AC32}
		{D898E526-57E6-4AC1-B1B2-70DE999AE0D1} = {28A21BFC-1B1C-4FC5-97BD-2CBCCD21AC32}
		{14A3C8C1-A3CF-4618-AC6A-8FB39585C6B4} = {28A21BFC-1B1C-4FC5-97BD-2CBCCD21AC32}
	EndGlobalSection
	GlobalSection(ExtensibilityGlobals) = postSolution
		SolutionGuid = {0ADF87A3-0650-4851-A428-10D8DFD22FF0}
	EndGlobalSection
EndGlobal
