
Microsoft Visual Studio Solution File, Format Version 12.00
# Visual Studio Version 16
VisualStudioVersion = 16.0.30413.136
MinimumVisualStudioVersion = 10.0.40219.1
Project("{2150E333-8FDC-42A3-9474-1A3956D46DE8}") = "src", "src", "{069AB049-5A26-4F1D-A9F8-320E72EA1FF7}"
EndProject
Project("{2150E333-8FDC-42A3-9474-1A3956D46DE8}") = "Catalog", "Catalog", "{9467FCDF-E0BF-41EA-981D-3E9544B260B1}"
EndProject
Project("{9A19103F-16F7-4668-BE54-9A1E7A4F7556}") = "Catalog.API", "src\Catalog\Catalog.API\Catalog.API.csproj", "{111B66DB-82F5-4335-AA00-1A261E1789A0}"
EndProject
Project("{E53339B2-1760-4266-BCC7-CA923CBCF16C}") = "docker-compose", "docker-compose.dcproj", "{0F984E5B-A2CF-4C0F-A3E3-23ADB3584088}"
EndProject
Project("{2150E333-8FDC-42A3-9474-1A3956D46DE8}") = "Basket", "Basket", "{7C8769E7-D995-4F06-AB06-EA2A1D6ABE19}"
EndProject
Project("{9A19103F-16F7-4668-BE54-9A1E7A4F7556}") = "Basket.API", "src\Basket\Basket.API\Basket.API.csproj", "{261BB420-3719-406D-A2E6-B550D017D01B}"
EndProject
Project("{2150E333-8FDC-42A3-9474-1A3956D46DE8}") = "Common", "Common", "{04A652F7-F7B8-4A71-BDB9-B41CB8D5035B}"
EndProject
Project("{FAE04EC0-301F-11D3-BF4B-00C04F79EFBC}") = "EventBusRabbitMQ", "src\Common\EventBusRabbitMQ\EventBusRabbitMQ.csproj", "{223B945A-537B-445E-BD86-F056B91524F7}"
EndProject
Global
	GlobalSection(SolutionConfigurationPlatforms) = preSolution
		Debug|Any CPU = Debug|Any CPU
		Release|Any CPU = Release|Any CPU
	EndGlobalSection
	GlobalSection(ProjectConfigurationPlatforms) = postSolution
		{111B66DB-82F5-4335-AA00-1A261E1789A0}.Debug|Any CPU.ActiveCfg = Debug|Any CPU
		{111B66DB-82F5-4335-AA00-1A261E1789A0}.Debug|Any CPU.Build.0 = Debug|Any CPU
		{111B66DB-82F5-4335-AA00-1A261E1789A0}.Release|Any CPU.ActiveCfg = Release|Any CPU
		{111B66DB-82F5-4335-AA00-1A261E1789A0}.Release|Any CPU.Build.0 = Release|Any CPU
		{0F984E5B-A2CF-4C0F-A3E3-23ADB3584088}.Debug|Any CPU.ActiveCfg = Debug|Any CPU
		{0F984E5B-A2CF-4C0F-A3E3-23ADB3584088}.Debug|Any CPU.Build.0 = Debug|Any CPU
		{0F984E5B-A2CF-4C0F-A3E3-23ADB3584088}.Release|Any CPU.ActiveCfg = Release|Any CPU
		{0F984E5B-A2CF-4C0F-A3E3-23ADB3584088}.Release|Any CPU.Build.0 = Release|Any CPU
		{261BB420-3719-406D-A2E6-B550D017D01B}.Debug|Any CPU.ActiveCfg = Debug|Any CPU
		{261BB420-3719-406D-A2E6-B550D017D01B}.Debug|Any CPU.Build.0 = Debug|Any CPU
		{261BB420-3719-406D-A2E6-B550D017D01B}.Release|Any CPU.ActiveCfg = Release|Any CPU
		{261BB420-3719-406D-A2E6-B550D017D01B}.Release|Any CPU.Build.0 = Release|Any CPU
		{223B945A-537B-445E-BD86-F056B91524F7}.Debug|Any CPU.ActiveCfg = Debug|Any CPU
		{223B945A-537B-445E-BD86-F056B91524F7}.Debug|Any CPU.Build.0 = Debug|Any CPU
		{223B945A-537B-445E-BD86-F056B91524F7}.Release|Any CPU.ActiveCfg = Release|Any CPU
		{223B945A-537B-445E-BD86-F056B91524F7}.Release|Any CPU.Build.0 = Release|Any CPU
	EndGlobalSection
	GlobalSection(SolutionProperties) = preSolution
		HideSolutionNode = FALSE
	EndGlobalSection
	GlobalSection(NestedProjects) = preSolution
		{9467FCDF-E0BF-41EA-981D-3E9544B260B1} = {069AB049-5A26-4F1D-A9F8-320E72EA1FF7}
		{111B66DB-82F5-4335-AA00-1A261E1789A0} = {9467FCDF-E0BF-41EA-981D-3E9544B260B1}
		{7C8769E7-D995-4F06-AB06-EA2A1D6ABE19} = {069AB049-5A26-4F1D-A9F8-320E72EA1FF7}
		{261BB420-3719-406D-A2E6-B550D017D01B} = {7C8769E7-D995-4F06-AB06-EA2A1D6ABE19}
		{04A652F7-F7B8-4A71-BDB9-B41CB8D5035B} = {069AB049-5A26-4F1D-A9F8-320E72EA1FF7}
		{223B945A-537B-445E-BD86-F056B91524F7} = {04A652F7-F7B8-4A71-BDB9-B41CB8D5035B}
	EndGlobalSection
	GlobalSection(ExtensibilityGlobals) = postSolution
		SolutionGuid = {0ADF87A3-0650-4851-A428-10D8DFD22FF0}
	EndGlobalSection
EndGlobal
